// !$*UTF8*$!
{
	archiveVersion = 1;
	classes = {
	};
	objectVersion = 46;
	objects = {

/* Begin PBXBuildFile section */
		070F0F911AE9F87800BC37D6 /* main.m in Sources */ = {isa = PBXBuildFile; fileRef = 070F0F901AE9F87800BC37D6 /* main.m */; };
		070F0F941AE9F87800BC37D6 /* AppDelegate.m in Sources */ = {isa = PBXBuildFile; fileRef = 070F0F931AE9F87800BC37D6 /* AppDelegate.m */; };
		070F0F971AE9F87800BC37D6 /* GameScene.m in Sources */ = {isa = PBXBuildFile; fileRef = 070F0F961AE9F87800BC37D6 /* GameScene.m */; };
		070F0F9C1AE9F87800BC37D6 /* GameViewController.m in Sources */ = {isa = PBXBuildFile; fileRef = 070F0F9B1AE9F87800BC37D6 /* GameViewController.m */; };
		070F0F9F1AE9F87800BC37D6 /* Main.storyboard in Resources */ = {isa = PBXBuildFile; fileRef = 070F0F9D1AE9F87800BC37D6 /* Main.storyboard */; };
		070F0FA11AE9F87900BC37D6 /* Images.xcassets in Resources */ = {isa = PBXBuildFile; fileRef = 070F0FA01AE9F87900BC37D6 /* Images.xcassets */; };
		070F0FA41AE9F87900BC37D6 /* LaunchScreen.xib in Resources */ = {isa = PBXBuildFile; fileRef = 070F0FA21AE9F87900BC37D6 /* LaunchScreen.xib */; };
		070F0FB01AE9F87900BC37D6 /* jumpGameTests.m in Sources */ = {isa = PBXBuildFile; fileRef = 070F0FAF1AE9F87900BC37D6 /* jumpGameTests.m */; };
		070F0FBA1AE9FE3A00BC37D6 /* grass.png in Resources */ = {isa = PBXBuildFile; fileRef = 070F0FB91AE9FE3A00BC37D6 /* grass.png */; };
		070F0FBC1AEA015400BC37D6 /* Clouds.png in Resources */ = {isa = PBXBuildFile; fileRef = 070F0FBB1AEA015400BC37D6 /* Clouds.png */; };
		070F0FC01AEA053800BC37D6 /* grass_1.png in Resources */ = {isa = PBXBuildFile; fileRef = 070F0FBF1AEA053800BC37D6 /* grass_1.png */; };
		070F0FC21AEA05FA00BC37D6 /* grass3.png in Resources */ = {isa = PBXBuildFile; fileRef = 070F0FC11AEA05FA00BC37D6 /* grass3.png */; };
		070F0FC41AEA06B300BC37D6 /* Cow.png in Resources */ = {isa = PBXBuildFile; fileRef = 070F0FC31AEA06B300BC37D6 /* Cow.png */; };
		070F0FC61AEA128600BC37D6 /* squishCow.png in Resources */ = {isa = PBXBuildFile; fileRef = 070F0FC51AEA128600BC37D6 /* squishCow.png */; };
		070F0FC81AEA13F400BC37D6 /* squishCow2.png in Resources */ = {isa = PBXBuildFile; fileRef = 070F0FC71AEA13F400BC37D6 /* squishCow2.png */; };
/* End PBXBuildFile section */

/* Begin PBXContainerItemProxy section */
		070F0FAA1AE9F87900BC37D6 /* PBXContainerItemProxy */ = {
			isa = PBXContainerItemProxy;
			containerPortal = 070F0F831AE9F87800BC37D6 /* Project object */;
			proxyType = 1;
			remoteGlobalIDString = 070F0F8A1AE9F87800BC37D6;
			remoteInfo = jumpGame;
		};
/* End PBXContainerItemProxy section */

/* Begin PBXFileReference section */
		070F0F8B1AE9F87800BC37D6 /* jumpGame.app */ = {isa = PBXFileReference; explicitFileType = wrapper.application; includeInIndex = 0; path = jumpGame.app; sourceTree = BUILT_PRODUCTS_DIR; };
		070F0F8F1AE9F87800BC37D6 /* Info.plist */ = {isa = PBXFileReference; lastKnownFileType = text.plist.xml; path = Info.plist; sourceTree = "<group>"; };
		070F0F901AE9F87800BC37D6 /* main.m */ = {isa = PBXFileReference; lastKnownFileType = sourcecode.c.objc; path = main.m; sourceTree = "<group>"; };
		070F0F921AE9F87800BC37D6 /* AppDelegate.h */ = {isa = PBXFileReference; lastKnownFileType = sourcecode.c.h; path = AppDelegate.h; sourceTree = "<group>"; };
		070F0F931AE9F87800BC37D6 /* AppDelegate.m */ = {isa = PBXFileReference; lastKnownFileType = sourcecode.c.objc; path = AppDelegate.m; sourceTree = "<group>"; };
		070F0F951AE9F87800BC37D6 /* GameScene.h */ = {isa = PBXFileReference; lastKnownFileType = sourcecode.c.h; path = GameScene.h; sourceTree = "<group>"; };
		070F0F961AE9F87800BC37D6 /* GameScene.m */ = {isa = PBXFileReference; lastKnownFileType = sourcecode.c.objc; path = GameScene.m; sourceTree = "<group>"; };
		070F0F9A1AE9F87800BC37D6 /* GameViewController.h */ = {isa = PBXFileReference; lastKnownFileType = sourcecode.c.h; path = GameViewController.h; sourceTree = "<group>"; };
		070F0F9B1AE9F87800BC37D6 /* GameViewController.m */ = {isa = PBXFileReference; lastKnownFileType = sourcecode.c.objc; path = GameViewController.m; sourceTree = "<group>"; };
		070F0F9E1AE9F87800BC37D6 /* Base */ = {isa = PBXFileReference; lastKnownFileType = file.storyboard; name = Base; path = Base.lproj/Main.storyboard; sourceTree = "<group>"; };
		070F0FA01AE9F87900BC37D6 /* Images.xcassets */ = {isa = PBXFileReference; lastKnownFileType = folder.assetcatalog; path = Images.xcassets; sourceTree = "<group>"; };
		070F0FA31AE9F87900BC37D6 /* Base */ = {isa = PBXFileReference; lastKnownFileType = file.xib; name = Base; path = Base.lproj/LaunchScreen.xib; sourceTree = "<group>"; };
		070F0FA91AE9F87900BC37D6 /* jumpGameTests.xctest */ = {isa = PBXFileReference; explicitFileType = wrapper.cfbundle; includeInIndex = 0; path = jumpGameTests.xctest; sourceTree = BUILT_PRODUCTS_DIR; };
		070F0FAE1AE9F87900BC37D6 /* Info.plist */ = {isa = PBXFileReference; lastKnownFileType = text.plist.xml; path = Info.plist; sourceTree = "<group>"; };
		070F0FAF1AE9F87900BC37D6 /* jumpGameTests.m */ = {isa = PBXFileReference; lastKnownFileType = sourcecode.c.objc; path = jumpGameTests.m; sourceTree = "<group>"; };
		070F0FB91AE9FE3A00BC37D6 /* grass.png */ = {isa = PBXFileReference; lastKnownFileType = image.png; path = grass.png; sourceTree = "<group>"; };
		070F0FBB1AEA015400BC37D6 /* Clouds.png */ = {isa = PBXFileReference; lastKnownFileType = image.png; path = Clouds.png; sourceTree = "<group>"; };
		070F0FBF1AEA053800BC37D6 /* grass_1.png */ = {isa = PBXFileReference; lastKnownFileType = image.png; path = grass_1.png; sourceTree = "<group>"; };
		070F0FC11AEA05FA00BC37D6 /* grass3.png */ = {isa = PBXFileReference; lastKnownFileType = image.png; path = grass3.png; sourceTree = "<group>"; };
		070F0FC31AEA06B300BC37D6 /* Cow.png */ = {isa = PBXFileReference; lastKnownFileType = image.png; path = Cow.png; sourceTree = "<group>"; };
		070F0FC51AEA128600BC37D6 /* squishCow.png */ = {isa = PBXFileReference; lastKnownFileType = image.png; path = squishCow.png; sourceTree = "<group>"; };
		070F0FC71AEA13F400BC37D6 /* squishCow2.png */ = {isa = PBXFileReference; lastKnownFileType = image.png; path = squishCow2.png; sourceTree = "<group>"; };
/* End PBXFileReference section */

/* Begin PBXFrameworksBuildPhase section */
		070F0F881AE9F87800BC37D6 /* Frameworks */ = {
			isa = PBXFrameworksBuildPhase;
			buildActionMask = 2147483647;
			files = (
			);
			runOnlyForDeploymentPostprocessing = 0;
		};
		070F0FA61AE9F87900BC37D6 /* Frameworks */ = {
			isa = PBXFrameworksBuildPhase;
			buildActionMask = 2147483647;
			files = (
			);
			runOnlyForDeploymentPostprocessing = 0;
		};
/* End PBXFrameworksBuildPhase section */

/* Begin PBXGroup section */
		070F0F821AE9F87800BC37D6 = {
			isa = PBXGroup;
			children = (
				070F0F8D1AE9F87800BC37D6 /* jumpGame */,
				070F0FAC1AE9F87900BC37D6 /* jumpGameTests */,
				070F0F8C1AE9F87800BC37D6 /* Products */,
			);
			sourceTree = "<group>";
		};
		070F0F8C1AE9F87800BC37D6 /* Products */ = {
			isa = PBXGroup;
			children = (
				070F0F8B1AE9F87800BC37D6 /* jumpGame.app */,
				070F0FA91AE9F87900BC37D6 /* jumpGameTests.xctest */,
			);
			name = Products;
			sourceTree = "<group>";
		};
		070F0F8D1AE9F87800BC37D6 /* jumpGame */ = {
			isa = PBXGroup;
			children = (
				070F0F921AE9F87800BC37D6 /* AppDelegate.h */,
				070F0F931AE9F87800BC37D6 /* AppDelegate.m */,
				070F0F951AE9F87800BC37D6 /* GameScene.h */,
				070F0F961AE9F87800BC37D6 /* GameScene.m */,
				070F0F9A1AE9F87800BC37D6 /* GameViewController.h */,
				070F0F9B1AE9F87800BC37D6 /* GameViewController.m */,
				070F0F9D1AE9F87800BC37D6 /* Main.storyboard */,
				070F0FA01AE9F87900BC37D6 /* Images.xcassets */,
				070F0FA21AE9F87900BC37D6 /* LaunchScreen.xib */,
				070F0F8E1AE9F87800BC37D6 /* Supporting Files */,
			);
			path = jumpGame;
			sourceTree = "<group>";
		};
		070F0F8E1AE9F87800BC37D6 /* Supporting Files */ = {
			isa = PBXGroup;
			children = (
				070F0FC71AEA13F400BC37D6 /* squishCow2.png */,
				070F0FC51AEA128600BC37D6 /* squishCow.png */,
				070F0FC31AEA06B300BC37D6 /* Cow.png */,
				070F0FBF1AEA053800BC37D6 /* grass_1.png */,
				070F0FC11AEA05FA00BC37D6 /* grass3.png */,
				070F0FBB1AEA015400BC37D6 /* Clouds.png */,
				070F0FB91AE9FE3A00BC37D6 /* grass.png */,
				070F0F8F1AE9F87800BC37D6 /* Info.plist */,
				070F0F901AE9F87800BC37D6 /* main.m */,
			);
			name = "Supporting Files";
			sourceTree = "<group>";
		};
		070F0FAC1AE9F87900BC37D6 /* jumpGameTests */ = {
			isa = PBXGroup;
			children = (
				070F0FAF1AE9F87900BC37D6 /* jumpGameTests.m */,
				070F0FAD1AE9F87900BC37D6 /* Supporting Files */,
			);
			path = jumpGameTests;
			sourceTree = "<group>";
		};
		070F0FAD1AE9F87900BC37D6 /* Supporting Files */ = {
			isa = PBXGroup;
			children = (
				070F0FAE1AE9F87900BC37D6 /* Info.plist */,
			);
			name = "Supporting Files";
			sourceTree = "<group>";
		};
/* End PBXGroup section */

/* Begin PBXNativeTarget section */
		070F0F8A1AE9F87800BC37D6 /* jumpGame */ = {
			isa = PBXNativeTarget;
			buildConfigurationList = 070F0FB31AE9F87900BC37D6 /* Build configuration list for PBXNativeTarget "jumpGame" */;
			buildPhases = (
				070F0F871AE9F87800BC37D6 /* Sources */,
				070F0F881AE9F87800BC37D6 /* Frameworks */,
				070F0F891AE9F87800BC37D6 /* Resources */,
			);
			buildRules = (
			);
			dependencies = (
			);
			name = jumpGame;
			productName = jumpGame;
			productReference = 070F0F8B1AE9F87800BC37D6 /* jumpGame.app */;
			productType = "com.apple.product-type.application";
		};
		070F0FA81AE9F87900BC37D6 /* jumpGameTests */ = {
			isa = PBXNativeTarget;
			buildConfigurationList = 070F0FB61AE9F87900BC37D6 /* Build configuration list for PBXNativeTarget "jumpGameTests" */;
			buildPhases = (
				070F0FA51AE9F87900BC37D6 /* Sources */,
				070F0FA61AE9F87900BC37D6 /* Frameworks */,
				070F0FA71AE9F87900BC37D6 /* Resources */,
			);
			buildRules = (
			);
			dependencies = (
				070F0FAB1AE9F87900BC37D6 /* PBXTargetDependency */,
			);
			name = jumpGameTests;
			productName = jumpGameTests;
			productReference = 070F0FA91AE9F87900BC37D6 /* jumpGameTests.xctest */;
			productType = "com.apple.product-type.bundle.unit-test";
		};
/* End PBXNativeTarget section */

/* Begin PBXProject section */
		070F0F831AE9F87800BC37D6 /* Project object */ = {
			isa = PBXProject;
			attributes = {
				LastUpgradeCheck = 0610;
				ORGANIZATIONNAME = "Matthew Perez";
				TargetAttributes = {
					070F0F8A1AE9F87800BC37D6 = {
						CreatedOnToolsVersion = 6.1;
					};
					070F0FA81AE9F87900BC37D6 = {
						CreatedOnToolsVersion = 6.1;
						TestTargetID = 070F0F8A1AE9F87800BC37D6;
					};
				};
			};
			buildConfigurationList = 070F0F861AE9F87800BC37D6 /* Build configuration list for PBXProject "jumpGame" */;
			compatibilityVersion = "Xcode 3.2";
			developmentRegion = English;
			hasScannedForEncodings = 0;
			knownRegions = (
				en,
				Base,
			);
			mainGroup = 070F0F821AE9F87800BC37D6;
			productRefGroup = 070F0F8C1AE9F87800BC37D6 /* Products */;
			projectDirPath = "";
			projectRoot = "";
			targets = (
				070F0F8A1AE9F87800BC37D6 /* jumpGame */,
				070F0FA81AE9F87900BC37D6 /* jumpGameTests */,
			);
		};
/* End PBXProject section */

/* Begin PBXResourcesBuildPhase section */
		070F0F891AE9F87800BC37D6 /* Resources */ = {
			isa = PBXResourcesBuildPhase;
			buildActionMask = 2147483647;
			files = (
				070F0FC01AEA053800BC37D6 /* grass_1.png in Resources */,
				070F0FA41AE9F87900BC37D6 /* LaunchScreen.xib in Resources */,
				070F0FA11AE9F87900BC37D6 /* Images.xcassets in Resources */,
				070F0FC41AEA06B300BC37D6 /* Cow.png in Resources */,
				070F0FC61AEA128600BC37D6 /* squishCow.png in Resources */,
				070F0FBC1AEA015400BC37D6 /* Clouds.png in Resources */,
				070F0FBA1AE9FE3A00BC37D6 /* grass.png in Resources */,
				070F0FC81AEA13F400BC37D6 /* squishCow2.png in Resources */,
				070F0F9F1AE9F87800BC37D6 /* Main.storyboard in Resources */,
				070F0FC21AEA05FA00BC37D6 /* grass3.png in Resources */,
			);
			runOnlyForDeploymentPostprocessing = 0;
		};
		070F0FA71AE9F87900BC37D6 /* Resources */ = {
			isa = PBXResourcesBuildPhase;
			buildActionMask = 2147483647;
			files = (
			);
			runOnlyForDeploymentPostprocessing = 0;
		};
/* End PBXResourcesBuildPhase section */

/* Begin PBXSourcesBuildPhase section */
		070F0F871AE9F87800BC37D6 /* Sources */ = {
			isa = PBXSourcesBuildPhase;
			buildActionMask = 2147483647;
			files = (
				070F0F9C1AE9F87800BC37D6 /* GameViewController.m in Sources */,
				070F0F941AE9F87800BC37D6 /* AppDelegate.m in Sources */,
				070F0F971AE9F87800BC37D6 /* GameScene.m in Sources */,
				070F0F911AE9F87800BC37D6 /* main.m in Sources */,
			);
			runOnlyForDeploymentPostprocessing = 0;
		};
		070F0FA51AE9F87900BC37D6 /* Sources */ = {
			isa = PBXSourcesBuildPhase;
			buildActionMask = 2147483647;
			files = (
				070F0FB01AE9F87900BC37D6 /* jumpGameTests.m in Sources */,
			);
			runOnlyForDeploymentPostprocessing = 0;
		};
/* End PBXSourcesBuildPhase section */

/* Begin PBXTargetDependency section */
		070F0FAB1AE9F87900BC37D6 /* PBXTargetDependency */ = {
			isa = PBXTargetDependency;
			target = 070F0F8A1AE9F87800BC37D6 /* jumpGame */;
			targetProxy = 070F0FAA1AE9F87900BC37D6 /* PBXContainerItemProxy */;
		};
/* End PBXTargetDependency section */

/* Begin PBXVariantGroup section */
		070F0F9D1AE9F87800BC37D6 /* Main.storyboard */ = {
			isa = PBXVariantGroup;
			children = (
				070F0F9E1AE9F87800BC37D6 /* Base */,
			);
			name = Main.storyboard;
			sourceTree = "<group>";
		};
		070F0FA21AE9F87900BC37D6 /* LaunchScreen.xib */ = {
			isa = PBXVariantGroup;
			children = (
				070F0FA31AE9F87900BC37D6 /* Base */,
			);
			name = LaunchScreen.xib;
			sourceTree = "<group>";
		};
/* End PBXVariantGroup section */

/* Begin XCBuildConfiguration section */
		070F0FB11AE9F87900BC37D6 /* Debug */ = {
			isa = XCBuildConfiguration;
			buildSettings = {
				ALWAYS_SEARCH_USER_PATHS = NO;
				CLANG_CXX_LANGUAGE_STANDARD = "gnu++0x";
				CLANG_CXX_LIBRARY = "libc++";
				CLANG_ENABLE_MODULES = YES;
				CLANG_ENABLE_OBJC_ARC = YES;
				CLANG_WARN_BOOL_CONVERSION = YES;
				CLANG_WARN_CONSTANT_CONVERSION = YES;
				CLANG_WARN_DIRECT_OBJC_ISA_USAGE = YES_ERROR;
				CLANG_WARN_EMPTY_BODY = YES;
				CLANG_WARN_ENUM_CONVERSION = YES;
				CLANG_WARN_INT_CONVERSION = YES;
				CLANG_WARN_OBJC_ROOT_CLASS = YES_ERROR;
				CLANG_WARN_UNREACHABLE_CODE = YES;
				CLANG_WARN__DUPLICATE_METHOD_MATCH = YES;
				"CODE_SIGN_IDENTITY[sdk=iphoneos*]" = "iPhone Developer";
				COPY_PHASE_STRIP = NO;
				ENABLE_STRICT_OBJC_MSGSEND = YES;
				GCC_C_LANGUAGE_STANDARD = gnu99;
				GCC_DYNAMIC_NO_PIC = NO;
				GCC_OPTIMIZATION_LEVEL = 0;
				GCC_PREPROCESSOR_DEFINITIONS = (
					"DEBUG=1",
					"$(inherited)",
				);
				GCC_SYMBOLS_PRIVATE_EXTERN = NO;
				GCC_WARN_64_TO_32_BIT_CONVERSION = YES;
				GCC_WARN_ABOUT_RETURN_TYPE = YES_ERROR;
				GCC_WARN_UNDECLARED_SELECTOR = YES;
				GCC_WARN_UNINITIALIZED_AUTOS = YES_AGGRESSIVE;
				GCC_WARN_UNUSED_FUNCTION = YES;
				GCC_WARN_UNUSED_VARIABLE = YES;
				IPHONEOS_DEPLOYMENT_TARGET = 8.1;
				MTL_ENABLE_DEBUG_INFO = YES;
				ONLY_ACTIVE_ARCH = YES;
				SDKROOT = iphoneos;
				TARGETED_DEVICE_FAMILY = "1,2";
			};
			name = Debug;
		};
		070F0FB21AE9F87900BC37D6 /* Release */ = {
			isa = XCBuildConfiguration;
			buildSettings = {
				ALWAYS_SEARCH_USER_PATHS = NO;
				CLANG_CXX_LANGUAGE_STANDARD = "gnu++0x";
				CLANG_CXX_LIBRARY = "libc++";
				CLANG_ENABLE_MODULES = YES;
				CLANG_ENABLE_OBJC_ARC = YES;
				CLANG_WARN_BOOL_CONVERSION = YES;
				CLANG_WARN_CONSTANT_CONVERSION = YES;
				CLANG_WARN_DIRECT_OBJC_ISA_USAGE = YES_ERROR;
				CLANG_WARN_EMPTY_BODY = YES;
				CLANG_WARN_ENUM_CONVERSION = YES;
				CLANG_WARN_INT_CONVERSION = YES;
				CLANG_WARN_OBJC_ROOT_CLASS = YES_ERROR;
				CLANG_WARN_UNREACHABLE_CODE = YES;
				CLANG_WARN__DUPLICATE_METHOD_MATCH = YES;
				"CODE_SIGN_IDENTITY[sdk=iphoneos*]" = "iPhone Developer";
				COPY_PHASE_STRIP = YES;
				ENABLE_NS_ASSERTIONS = NO;
				ENABLE_STRICT_OBJC_MSGSEND = YES;
				GCC_C_LANGUAGE_STANDARD = gnu99;
				GCC_WARN_64_TO_32_BIT_CONVERSION = YES;
				GCC_WARN_ABOUT_RETURN_TYPE = YES_ERROR;
				GCC_WARN_UNDECLARED_SELECTOR = YES;
				GCC_WARN_UNINITIALIZED_AUTOS = YES_AGGRESSIVE;
				GCC_WARN_UNUSED_FUNCTION = YES;
				GCC_WARN_UNUSED_VARIABLE = YES;
				IPHONEOS_DEPLOYMENT_TARGET = 8.1;
				MTL_ENABLE_DEBUG_INFO = NO;
				SDKROOT = iphoneos;
				TARGETED_DEVICE_FAMILY = "1,2";
				VALIDATE_PRODUCT = YES;
			};
			name = Release;
		};
		070F0FB41AE9F87900BC37D6 /* Debug */ = {
			isa = XCBuildConfiguration;
			buildSettings = {
				ASSETCATALOG_COMPILER_APPICON_NAME = AppIcon;
				INFOPLIST_FILE = jumpGame/Info.plist;
				LD_RUNPATH_SEARCH_PATHS = "$(inherited) @executable_path/Frameworks";
				PRODUCT_NAME = "$(TARGET_NAME)";
			};
			name = Debug;
		};
		070F0FB51AE9F87900BC37D6 /* Release */ = {
			isa = XCBuildConfiguration;
			buildSettings = {
				ASSETCATALOG_COMPILER_APPICON_NAME = AppIcon;
				INFOPLIST_FILE = jumpGame/Info.plist;
				LD_RUNPATH_SEARCH_PATHS = "$(inherited) @executable_path/Frameworks";
				PRODUCT_NAME = "$(TARGET_NAME)";
			};
			name = Release;
		};
		070F0FB71AE9F87900BC37D6 /* Debug */ = {
			isa = XCBuildConfiguration;
			buildSettings = {
				BUNDLE_LOADER = "$(TEST_HOST)";
				FRAMEWORK_SEARCH_PATHS = (
					"$(SDKROOT)/Developer/Library/Frameworks",
					"$(inherited)",
				);
				GCC_PREPROCESSOR_DEFINITIONS = (
					"DEBUG=1",
					"$(inherited)",
				);
				INFOPLIST_FILE = jumpGameTests/Info.plist;
				LD_RUNPATH_SEARCH_PATHS = "$(inherited) @executable_path/Frameworks @loader_path/Frameworks";
				PRODUCT_NAME = "$(TARGET_NAME)";
				TEST_HOST = "$(BUILT_PRODUCTS_DIR)/jumpGame.app/jumpGame";
			};
			name = Debug;
		};
		070F0FB81AE9F87900BC37D6 /* Release */ = {
			isa = XCBuildConfiguration;
			buildSettings = {
				BUNDLE_LOADER = "$(TEST_HOST)";
				FRAMEWORK_SEARCH_PATHS = (
					"$(SDKROOT)/Developer/Library/Frameworks",
					"$(inherited)",
				);
				INFOPLIST_FILE = jumpGameTests/Info.plist;
				LD_RUNPATH_SEARCH_PATHS = "$(inherited) @executable_path/Frameworks @loader_path/Frameworks";
				PRODUCT_NAME = "$(TARGET_NAME)";
				TEST_HOST = "$(BUILT_PRODUCTS_DIR)/jumpGame.app/jumpGame";
			};
			name = Release;
		};
/* End XCBuildConfiguration section */

/* Begin XCConfigurationList section */
		070F0F861AE9F87800BC37D6 /* Build configuration list for PBXProject "jumpGame" */ = {
			isa = XCConfigurationList;
			buildConfigurations = (
				070F0FB11AE9F87900BC37D6 /* Debug */,
				070F0FB21AE9F87900BC37D6 /* Release */,
			);
			defaultConfigurationIsVisible = 0;
			defaultConfigurationName = Release;
		};
		070F0FB31AE9F87900BC37D6 /* Build configuration list for PBXNativeTarget "jumpGame" */ = {
			isa = XCConfigurationList;
			buildConfigurations = (
				070F0FB41AE9F87900BC37D6 /* Debug */,
				070F0FB51AE9F87900BC37D6 /* Release */,
			);
			defaultConfigurationIsVisible = 0;
		};
		070F0FB61AE9F87900BC37D6 /* Build configuration list for PBXNativeTarget "jumpGameTests" */ = {
			isa = XCConfigurationList;
			buildConfigurations = (
				070F0FB71AE9F87900BC37D6 /* Debug */,
				070F0FB81AE9F87900BC37D6 /* Release */,
			);
			defaultConfigurationIsVisible = 0;
		};
/* End XCConfigurationList section */
	};
	rootObject = 070F0F831AE9F87800BC37D6 /* Project object */;
}
